
Microsoft Visual Studio Solution File, Format Version 12.00
# Visual Studio Version 16
VisualStudioVersion = 16.0.30907.101
MinimumVisualStudioVersion = 10.0.40219.1
Project("{FAE04EC0-301F-11D3-BF4B-00C04F79EFBC}") = "Demo_EF2.Android", "Demo_EF2.Android\Demo_EF2.Android.csproj", "{8D681119-B27C-4EC2-966A-B1DEFC489539}"
EndProject
Project("{FAE04EC0-301F-11D3-BF4B-00C04F79EFBC}") = "Demo_EF2.iOS", "Demo_EF2.iOS\Demo_EF2.iOS.csproj", "{2021C7DD-A076-4381-8519-6B9D877B808A}"
EndProject
Project("{FAE04EC0-301F-11D3-BF4B-00C04F79EFBC}") = "Demo_EF2", "Demo_EF2\Demo_EF2.csproj", "{3107ED44-9049-43E1-B078-6C53DD5BDBDA}"
EndProject
Global
	GlobalSection(SolutionConfigurationPlatforms) = preSolution
		Debug|Any CPU = Debug|Any CPU
		Debug|iPhone = Debug|iPhone
		Debug|iPhoneSimulator = Debug|iPhoneSimulator
		Release|Any CPU = Release|Any CPU
		Release|iPhone = Release|iPhone
		Release|iPhoneSimulator = Release|iPhoneSimulator
	EndGlobalSection
	GlobalSection(ProjectConfigurationPlatforms) = postSolution
		{8D681119-B27C-4EC2-966A-B1DEFC489539}.Debug|Any CPU.ActiveCfg = Debug|Any CPU
		{8D681119-B27C-4EC2-966A-B1DEFC489539}.Debug|Any CPU.Build.0 = Debug|Any CPU
		{8D681119-B27C-4EC2-966A-B1DEFC489539}.Debug|Any CPU.Deploy.0 = Debug|Any CPU
		{8D681119-B27C-4EC2-966A-B1DEFC489539}.Debug|iPhone.ActiveCfg = Debug|Any CPU
		{8D681119-B27C-4EC2-966A-B1DEFC489539}.Debug|iPhone.Build.0 = Debug|Any CPU
		{8D681119-B27C-4EC2-966A-B1DEFC489539}.Debug|iPhone.Deploy.0 = Debug|Any CPU
		{8D681119-B27C-4EC2-966A-B1DEFC489539}.Debug|iPhoneSimulator.ActiveCfg = Debug|Any CPU
		{8D681119-B27C-4EC2-966A-B1DEFC489539}.Debug|iPhoneSimulator.Build.0 = Debug|Any CPU
		{8D681119-B27C-4EC2-966A-B1DEFC489539}.Debug|iPhoneSimulator.Deploy.0 = Debug|Any CPU
		{8D681119-B27C-4EC2-966A-B1DEFC489539}.Release|Any CPU.ActiveCfg = Release|Any CPU
		{8D681119-B27C-4EC2-966A-B1DEFC489539}.Release|Any CPU.Build.0 = Release|Any CPU
		{8D681119-B27C-4EC2-966A-B1DEFC489539}.Release|Any CPU.Deploy.0 = Release|Any CPU
		{8D681119-B27C-4EC2-966A-B1DEFC489539}.Release|iPhone.ActiveCfg = Release|Any CPU
		{8D681119-B27C-4EC2-966A-B1DEFC489539}.Release|iPhone.Build.0 = Release|Any CPU
		{8D681119-B27C-4EC2-966A-B1DEFC489539}.Release|iPhone.Deploy.0 = Release|Any CPU
		{8D681119-B27C-4EC2-966A-B1DEFC489539}.Release|iPhoneSimulator.ActiveCfg = Release|Any CPU
		{8D681119-B27C-4EC2-966A-B1DEFC489539}.Release|iPhoneSimulator.Build.0 = Release|Any CPU
		{8D681119-B27C-4EC2-966A-B1DEFC489539}.Release|iPhoneSimulator.Deploy.0 = Release|Any CPU
		{2021C7DD-A076-4381-8519-6B9D877B808A}.Debug|Any CPU.ActiveCfg = Debug|iPhone
		{2021C7DD-A076-4381-8519-6B9D877B808A}.Debug|Any CPU.Build.0 = Debug|iPhone
		{2021C7DD-A076-4381-8519-6B9D877B808A}.Debug|Any CPU.Deploy.0 = Debug|iPhone
		{2021C7DD-A076-4381-8519-6B9D877B808A}.Debug|iPhone.ActiveCfg = Debug|iPhone
		{2021C7DD-A076-4381-8519-6B9D877B808A}.Debug|iPhone.Build.0 = Debug|iPhone
		{2021C7DD-A076-4381-8519-6B9D877B808A}.Debug|iPhone.Deploy.0 = Debug|iPhone
		{2021C7DD-A076-4381-8519-6B9D877B808A}.Debug|iPhoneSimulator.ActiveCfg = Debug|iPhoneSimulator
		{2021C7DD-A076-4381-8519-6B9D877B808A}.Debug|iPhoneSimulator.Build.0 = Debug|iPhoneSimulator
		{2021C7DD-A076-4381-8519-6B9D877B808A}.Debug|iPhoneSimulator.Deploy.0 = Debug|iPhoneSimulator
		{2021C7DD-A076-4381-8519-6B9D877B808A}.Release|Any CPU.ActiveCfg = Release|iPhoneSimulator
		{2021C7DD-A076-4381-8519-6B9D877B808A}.Release|Any CPU.Build.0 = Release|iPhoneSimulator
		{2021C7DD-A076-4381-8519-6B9D877B808A}.Release|Any CPU.Deploy.0 = Release|iPhoneSimulator
		{2021C7DD-A076-4381-8519-6B9D877B808A}.Release|iPhone.ActiveCfg = Release|iPhone
		{2021C7DD-A076-4381-8519-6B9D877B808A}.Release|iPhone.Build.0 = Release|iPhone
		{2021C7DD-A076-4381-8519-6B9D877B808A}.Release|iPhone.Deploy.0 = Release|iPhone
		{2021C7DD-A076-4381-8519-6B9D877B808A}.Release|iPhoneSimulator.ActiveCfg = Release|iPhoneSimulator
		{2021C7DD-A076-4381-8519-6B9D877B808A}.Release|iPhoneSimulator.Build.0 = Release|iPhoneSimulator
		{2021C7DD-A076-4381-8519-6B9D877B808A}.Release|iPhoneSimulator.Deploy.0 = Release|iPhoneSimulator
		{3107ED44-9049-43E1-B078-6C53DD5BDBDA}.Debug|Any CPU.ActiveCfg = Debug|Any CPU
		{3107ED44-9049-43E1-B078-6C53DD5BDBDA}.Debug|Any CPU.Build.0 = Debug|Any CPU
		{3107ED44-9049-43E1-B078-6C53DD5BDBDA}.Debug|Any CPU.Deploy.0 = Debug|Any CPU
		{3107ED44-9049-43E1-B078-6C53DD5BDBDA}.Debug|iPhone.ActiveCfg = Debug|Any CPU
		{3107ED44-9049-43E1-B078-6C53DD5BDBDA}.Debug|iPhone.Build.0 = Debug|Any CPU
		{3107ED44-9049-43E1-B078-6C53DD5BDBDA}.Debug|iPhone.Deploy.0 = Debug|Any CPU
		{3107ED44-9049-43E1-B078-6C53DD5BDBDA}.Debug|iPhoneSimulator.ActiveCfg = Debug|Any CPU
		{3107ED44-9049-43E1-B078-6C53DD5BDBDA}.Debug|iPhoneSimulator.Build.0 = Debug|Any CPU
		{3107ED44-9049-43E1-B078-6C53DD5BDBDA}.Debug|iPhoneSimulator.Deploy.0 = Debug|Any CPU
		{3107ED44-9049-43E1-B078-6C53DD5BDBDA}.Release|Any CPU.ActiveCfg = Release|Any CPU
		{3107ED44-9049-43E1-B078-6C53DD5BDBDA}.Release|Any CPU.Build.0 = Release|Any CPU
		{3107ED44-9049-43E1-B078-6C53DD5BDBDA}.Release|Any CPU.Deploy.0 = Release|Any CPU
		{3107ED44-9049-43E1-B078-6C53DD5BDBDA}.Release|iPhone.ActiveCfg = Release|Any CPU
		{3107ED44-9049-43E1-B078-6C53DD5BDBDA}.Release|iPhone.Build.0 = Release|Any CPU
		{3107ED44-9049-43E1-B078-6C53DD5BDBDA}.Release|iPhone.Deploy.0 = Release|Any CPU
		{3107ED44-9049-43E1-B078-6C53DD5BDBDA}.Release|iPhoneSimulator.ActiveCfg = Release|Any CPU
		{3107ED44-9049-43E1-B078-6C53DD5BDBDA}.Release|iPhoneSimulator.Build.0 = Release|Any CPU
		{3107ED44-9049-43E1-B078-6C53DD5BDBDA}.Release|iPhoneSimulator.Deploy.0 = Release|Any CPU
	EndGlobalSection
	GlobalSection(SolutionProperties) = preSolution
		HideSolutionNode = FALSE
	EndGlobalSection
	GlobalSection(ExtensibilityGlobals) = postSolution
		SolutionGuid = {0AB9D741-67C7-4D25-9C84-F0C341D38A20}
	EndGlobalSection
EndGlobal
